{
  "version": "2",
  "remote": {},
  "npm": {
    "specifiers": {
      "@cicada-lang/framework@^0.1.1": "@cicada-lang/framework@0.1.1",
      "@cicada-lang/partech@^0.2.3": "@cicada-lang/partech@0.2.3",
      "@xieyuheng/command-line": "@xieyuheng/command-line@0.0.7",
      "@xieyuheng/command-line@^0.0.10": "@xieyuheng/command-line@0.0.10",
      "@xieyuheng/command-line@^0.0.7": "@xieyuheng/command-line@0.0.7",
      "@xieyuheng/command-line@^0.0.9": "@xieyuheng/command-line@0.0.9",
      "@xieyuheng/test-runner": "@xieyuheng/test-runner@0.2.7",
      "@xieyuheng/ty@^0.1.17": "@xieyuheng/ty@0.1.17_ajv@8.11.2",
      "@xieyuheng/ty@^0.1.18": "@xieyuheng/ty@0.1.18_ajv@8.11.2",
      "@xieyuheng/ty@^0.1.19": "@xieyuheng/ty@0.1.19_ajv@8.11.2",
      "@xieyuheng/ty@^0.1.20": "@xieyuheng/ty@0.1.20_ajv@8.11.2",
      "commonmark@^0.30.0": "commonmark@0.30.0",
      "immutable@^4.1.0": "immutable@4.1.0",
      "node-watch@^0.7.3": "node-watch@0.7.3",
      "test-runner": "test-runner@0.10.1"
    },
    "packages": {
      "@cicada-lang/framework@0.1.1": {
        "integrity": "sha512-1ooJc1WKjxXu63K3PdK3b+Ht6z3MZLJY69J1tOEqzrtvyXT8Q9GJfRmnePwdCkBwwGlSLoFAGD8i+glilvWq/Q==",
        "dependencies": {
          "@cicada-lang/partech": "@cicada-lang/partech@0.2.3",
          "@xieyuheng/command-line": "@xieyuheng/command-line@0.0.7",
          "@xieyuheng/ty": "@xieyuheng/ty@0.1.17_ajv@8.11.2",
          "commonmark": "commonmark@0.30.0",
          "fast-deep-equal": "fast-deep-equal@3.1.3",
          "immutable": "immutable@4.1.0",
          "node-watch": "node-watch@0.7.3",
          "picocolors": "picocolors@1.0.0",
          "readdirp": "readdirp@3.6.0",
          "readline-sync": "readline-sync@1.4.10",
          "yaml": "yaml@2.1.3"
        }
      },
      "@cicada-lang/partech@0.2.3": {
        "integrity": "sha512-y1ZjXzx9abKrIHF4xxxV4gcFRQ7IW3tZulma/rQqgBxtxN5tjfynneBtFsyf1cylhq1Krp0orSwVA4NP8/JezQ==",
        "dependencies": {
          "fast-deep-equal": "fast-deep-equal@3.1.3",
          "picocolors": "picocolors@1.0.0",
          "regexp-match-indices": "regexp-match-indices@1.0.2"
        }
      },
      "@nodelib/fs.scandir@2.1.5": {
        "integrity": "sha512-vq24Bq3ym5HEQm2NKCr3yXDwjc7vTsEThRDnkp2DK9p1uqLR+DHurm/NOTo0KG7HYHU7eppKZj3MyqYuMBf62g==",
        "dependencies": {
          "@nodelib/fs.stat": "@nodelib/fs.stat@2.0.5",
          "run-parallel": "run-parallel@1.2.0"
        }
      },
      "@nodelib/fs.stat@2.0.5": {
        "integrity": "sha512-RkhPPp2zrqDAQA/2jNhnztcPAlv64XdhIp7a7454A5ovI7Bukxgt7MX7udwAu3zg1DcpPU0rz3VV1SeaqvY4+A==",
        "dependencies": {}
      },
      "@nodelib/fs.walk@1.2.8": {
        "integrity": "sha512-oGB+UxlgWcgQkgwo8GcEGwemoTFt3FIO9ababBmaGwXIoBKZ+GTy0pP185beGg7Llih/NSHSV2XAs1lnznocSg==",
        "dependencies": {
          "@nodelib/fs.scandir": "@nodelib/fs.scandir@2.1.5",
          "fastq": "fastq@1.13.0"
        }
      },
      "@test-runner/core@0.10.0": {
        "integrity": "sha512-1m+DowKsEa4IAShyvwj58b9AfbCgZxf9ynPRGixsIzUY03zSEdNB2ItfjMtDPNmoPgbZVxX0DgTgbNfgwRrJQA==",
        "dependencies": {
          "@test-runner/tom": "@test-runner/tom@0.8.1",
          "fsm-base": "fsm-base@0.7.0"
        }
      },
      "@test-runner/default-view@0.6.1": {
        "integrity": "sha512-/yuHQe+kdtYDnppGg/wc80KQal/3Ril4JOTUUA9esskjZaEpcA6xQ9Cop21rpWhrbmxLqsX1Q48MccunA3/T4w==",
        "dependencies": {
          "ansi-escape-sequences": "ansi-escape-sequences@6.2.1"
        }
      },
      "@test-runner/live-view@0.2.1": {
        "integrity": "sha512-JnCPfxP4v9cMnFbyVaCp9Oa2bufM842MY24g8EIXmkkhO8UKMc2dH3K9tHX48D1s4kIty2UdT92kb4nxexOC4w==",
        "dependencies": {
          "ansi-escape-sequences": "ansi-escape-sequences@6.2.1"
        }
      },
      "@test-runner/oneline-view@0.2.0": {
        "integrity": "sha512-A0Q3D/V/71vrZjlMu0nCYVjrcI/7q7KD/AVRNCsMysSbalKJh4AcwEeGHPDtUhio7V3Eux4VjJl9HVtgst0Mcw==",
        "dependencies": {
          "@test-runner/default-view": "@test-runner/default-view@0.6.1",
          "ansi-escape-sequences": "ansi-escape-sequences@6.2.1",
          "string-length": "string-length@5.0.1"
        }
      },
      "@test-runner/tom@0.8.1": {
        "integrity": "sha512-MbQsG8V5R+yU+O9gkL3oidbxk1PNp/j/ctpAXAvbLOdpD+GMan//MBRstFBzLl+n7R9UNvfW3U8eKlnlQ7SNcw==",
        "dependencies": {
          "composite-class": "composite-class@2.0.1",
          "create-mixin": "create-mixin@3.0.0",
          "fsm-base": "fsm-base@0.7.0",
          "race-timeout-anywhere": "race-timeout-anywhere@2.0.0",
          "typical": "typical@7.1.1"
        }
      },
      "@test-runner/tom@0.9.1": {
        "integrity": "sha512-kkr+2AcUCsMANLghAiLdWOF8clUe6a3hhsHeDdPyrPVZNMuooqOl/d5bQm1/YK3D0Xm1aiCs3NIPimZcQhzk+g==",
        "dependencies": {
          "composite-class": "composite-class@2.0.1",
          "create-mixin": "create-mixin@3.0.0",
          "fsm-base": "fsm-base@0.7.0",
          "race-timeout-anywhere": "race-timeout-anywhere@2.0.0",
          "typical": "typical@7.1.1"
        }
      },
      "@xieyuheng/command-line@0.0.10": {
        "integrity": "sha512-WTvmJqGTJ4G1egY96/Nn+8lH80IpBpEvwBOMtQFsDeuwRuGcNkSZucWTBCNiBJI0Cm94SdOGHOlt6jFzeM4lUA==",
        "dependencies": {
          "@xieyuheng/ty": "@xieyuheng/ty@0.1.18_ajv@8.11.2",
          "fast-deep-equal": "fast-deep-equal@3.1.3",
          "picocolors": "picocolors@1.0.0",
          "yargs-parser": "yargs-parser@21.1.1"
        }
      },
      "@xieyuheng/command-line@0.0.7": {
        "integrity": "sha512-gTxqqRki/qIzO8HgOa+lnBssolBrmZLiCImh/uPqXrQzcc1teJ/rvP5kJsFJWyYOiuy1wJwsL0IUbpEdNG3cMg==",
        "dependencies": {
          "@xieyuheng/ty": "@xieyuheng/ty@0.1.17_ajv@8.11.2",
          "fast-deep-equal": "fast-deep-equal@3.1.3",
          "picocolors": "picocolors@1.0.0",
          "yargs-parser": "yargs-parser@21.1.1"
        }
      },
      "@xieyuheng/command-line@0.0.9": {
        "integrity": "sha512-cjbmzTke6xgo3vKKGwmaQp2y9Mm+xloy9N1QaljWgtmAghwMxGyPjBuz2osyEIdPhvjPLaGzvghgXIIDAlnuvA==",
        "dependencies": {
          "@xieyuheng/ty": "@xieyuheng/ty@0.1.18_ajv@8.11.2",
          "fast-deep-equal": "fast-deep-equal@3.1.3",
          "picocolors": "picocolors@1.0.0",
          "yargs-parser": "yargs-parser@21.1.1"
        }
      },
      "@xieyuheng/test-runner@0.2.7": {
        "integrity": "sha512-15ns96nh6YSWgabkHmky0dvAIjfRlGz6OXwBJbgAtWet4W6ArVTsSp9wOwlO4HKYAp1d/ctWxesT3kk9d60ubA==",
        "dependencies": {
          "@xieyuheng/command-line": "@xieyuheng/command-line@0.0.7",
          "@xieyuheng/ty": "@xieyuheng/ty@0.1.20_ajv@8.11.2",
          "change-case": "change-case@4.1.2",
          "fast-deep-equal": "fast-deep-equal@3.1.3",
          "fast-glob": "fast-glob@3.2.12",
          "picocolors": "picocolors@1.0.0"
        }
      },
      "@xieyuheng/ty@0.1.17_ajv@8.11.2": {
        "integrity": "sha512-ipnIzkdqjr0LEoTm947sA/HH7vqvWLwoqc30vaNLk2TSWu4r8n6vtHcnQpS1ANSAOK7WyNFZJJHMkEZjSQh6Kw==",
        "dependencies": {
          "ajv": "ajv@8.11.2",
          "ajv-formats": "ajv-formats@2.1.1_ajv@8.11.2",
          "ajv-formats-draft2019": "ajv-formats-draft2019@1.6.1_ajv@8.11.2",
          "deep-diff": "deep-diff@1.0.2",
          "fast-deep-equal": "fast-deep-equal@3.1.3",
          "nanoid": "nanoid@3.3.4",
          "prettier-plugin-organize-imports": "prettier-plugin-organize-imports@3.2.1",
          "semver": "semver@7.3.8"
        }
      },
      "@xieyuheng/ty@0.1.18_ajv@8.11.2": {
        "integrity": "sha512-LdXOrCX3g4bEjLFB59gfILmLTk+lVFQyOzixctDkCV/2DbqvWnEanboeXY17g2tzign6cBJ/ETdHwp9gNkhx8A==",
        "dependencies": {
          "ajv": "ajv@8.11.2",
          "ajv-formats": "ajv-formats@2.1.1_ajv@8.11.2",
          "ajv-formats-draft2019": "ajv-formats-draft2019@1.6.1_ajv@8.11.2",
          "deep-diff": "deep-diff@1.0.2",
          "fast-deep-equal": "fast-deep-equal@3.1.3",
          "nanoid": "nanoid@3.3.4",
          "prettier-plugin-organize-imports": "prettier-plugin-organize-imports@3.2.1",
          "semver": "semver@7.3.8"
        }
      },
      "@xieyuheng/ty@0.1.19_ajv@8.11.2": {
        "integrity": "sha512-xPWDBMY7K9YT13t0tzv1xUDukSkKPy1T25Jx/JMCm1EeIdtQbpEHli5sP6fK4ilFvvoOw7SaA1rtskTM/nT/SA==",
        "dependencies": {
          "ajv": "ajv@8.11.2",
          "ajv-formats": "ajv-formats@2.1.1_ajv@8.11.2",
          "ajv-formats-draft2019": "ajv-formats-draft2019@1.6.1_ajv@8.11.2",
          "deep-diff": "deep-diff@1.0.2",
          "fast-deep-equal": "fast-deep-equal@3.1.3",
          "nanoid": "nanoid@3.3.4",
          "prettier-plugin-organize-imports": "prettier-plugin-organize-imports@3.2.1",
          "semver": "semver@7.3.8"
        }
      },
      "@xieyuheng/ty@0.1.20_ajv@8.11.2": {
        "integrity": "sha512-ODVXhvvOjgwsnv25pSi3qndobk30PafsoWlQns8E2f/R/mNQ/6lHW58lV1UFDKKbGdar4CbJYb9B2gUafxYvRg==",
        "dependencies": {
          "ajv": "ajv@8.11.2",
          "ajv-formats": "ajv-formats@2.1.1_ajv@8.11.2",
          "ajv-formats-draft2019": "ajv-formats-draft2019@1.6.1_ajv@8.11.2",
          "deep-diff": "deep-diff@1.0.2",
          "fast-deep-equal": "fast-deep-equal@3.1.3",
          "nanoid": "nanoid@3.3.4",
          "prettier-plugin-organize-imports": "prettier-plugin-organize-imports@3.2.1",
          "semver": "semver@7.3.8"
        }
      },
      "ajv-formats-draft2019@1.6.1_ajv@8.11.2": {
        "integrity": "sha512-JQPvavpkWDvIsBp2Z33UkYCtXCSpW4HD3tAZ+oL4iEFOk9obQZffx0yANwECt6vzr6ET+7HN5czRyqXbnq/u0Q==",
        "dependencies": {
          "ajv": "ajv@8.11.2",
          "punycode": "punycode@2.1.1",
          "schemes": "schemes@1.4.0",
          "smtp-address-parser": "smtp-address-parser@1.0.10",
          "uri-js": "uri-js@4.4.1"
        }
      },
      "ajv-formats@2.1.1_ajv@8.11.2": {
        "integrity": "sha512-Wx0Kx52hxE7C18hkMEggYlEifqWZtYaRgouJor+WMdPnQyEK13vgEWyVNup7SoeeoLMsr4kf5h6dOW11I15MUA==",
        "dependencies": { "ajv": "ajv@8.11.2" }
      },
      "ajv@8.11.2": {
        "integrity": "sha512-E4bfmKAhGiSTvMfL1Myyycaub+cUEU2/IvpylXkUu7CHBkBj1f/ikdzbD7YQ6FKUbixDxeYvB/xY4fvyroDlQg==",
        "dependencies": {
          "fast-deep-equal": "fast-deep-equal@3.1.3",
          "json-schema-traverse": "json-schema-traverse@1.0.0",
          "require-from-string": "require-from-string@2.0.2",
          "uri-js": "uri-js@4.4.1"
        }
      },
      "ansi-escape-sequences@6.2.1": {
        "integrity": "sha512-0gK95MrLXv+Vy5h4eKGvSX1yXopBqSYBi3/w4hekUxs/hHakF6asH9Gg7UXbb7IH9weAlVIrUzVOITNBr8Imag==",
        "dependencies": { "array-back": "array-back@6.2.2" }
      },
      "ansi-regex@6.0.1": {
        "integrity": "sha512-n5M855fKb2SsfMIiFFoVrABHJC8QtHwVx+mHWP3QcEqBHYienj5dHSgjbxtC0WEZXYt4wcD6zrQElDPhFuZgfA==",
        "dependencies": {}
      },
      "ansi-styles@3.2.1": {
        "integrity": "sha512-VT0ZI6kZRdTh8YyJw3SMbYm/u+NqfsAxEpWO0Pf9sq8/e94WxxOpPKx9FR1FlyCtOVDNOQ+8ntlqFxiRc+r5qA==",
        "dependencies": { "color-convert": "color-convert@1.9.3" }
      },
      "array-back@3.1.0": {
        "integrity": "sha512-TkuxA4UCOvxuDK6NZYXCalszEzj+TLszyASooky+i742l9TqsOdYCMJJupxRic61hwquNtppB3hgcuq9SVSH1Q==",
        "dependencies": {}
      },
      "array-back@4.0.2": {
        "integrity": "sha512-NbdMezxqf94cnNfWLL7V/im0Ub+Anbb0IoZhvzie8+4HJ4nMQuzHuy49FkGYCJK2yAloZ3meiB6AVMClbrI1vg==",
        "dependencies": {}
      },
      "array-back@6.2.2": {
        "integrity": "sha512-gUAZ7HPyb4SJczXAMUXMGAvI976JoK3qEx9v1FTmeYuJj0IBiaKttG1ydtGKdkfqWkIkouke7nG8ufGy77+Cvw==",
        "dependencies": {}
      },
      "balanced-match@1.0.2": {
        "integrity": "sha512-3oSeUO0TMV67hN1AmbXsK4yaqU7tjiHlbxRDZOpH0KW9+CeX4bRAaX0Anxt0tx2MrpRpWwQaPwIlISEJhYU5Pw==",
        "dependencies": {}
      },
      "brace-expansion@1.1.11": {
        "integrity": "sha512-iCuPHDFgrHX7H2vEI/5xpz07zSHB00TpugqhmYtVmMO6518mCuRMoOYFldEBl0g187ufozdaHgWKcYFb61qGiA==",
        "dependencies": {
          "balanced-match": "balanced-match@1.0.2",
          "concat-map": "concat-map@0.0.1"
        }
      },
      "braces@3.0.2": {
        "integrity": "sha512-b8um+L1RzM3WDSzvhm6gIz1yfTbBt6YTlcEKAvsmqCZZFw46z626lVj9j1yEPW33H5H+lBQpZMP1k8l+78Ha0A==",
        "dependencies": { "fill-range": "fill-range@7.0.1" }
      },
      "camel-case@4.1.2": {
        "integrity": "sha512-gxGWBrTT1JuMx6R+o5PTXMmUnhnVzLQ9SNutD4YqKtI6ap897t3tKECYla6gCWEkplXnlNybEkZg9GEGxKFCgw==",
        "dependencies": {
          "pascal-case": "pascal-case@3.1.2",
          "tslib": "tslib@2.4.1"
        }
      },
      "capital-case@1.0.4": {
        "integrity": "sha512-ds37W8CytHgwnhGGTi88pcPyR15qoNkOpYwmMMfnWqqWgESapLqvDx6huFjQ5vqWSn2Z06173XNA7LtMOeUh1A==",
        "dependencies": {
          "no-case": "no-case@3.0.4",
          "tslib": "tslib@2.4.1",
          "upper-case-first": "upper-case-first@2.0.2"
        }
      },
      "chalk@2.4.2": {
        "integrity": "sha512-Mti+f9lpJNcwF4tWV8/OrTTtF1gZi+f8FqlyAdouralcFWFQWF2+NgCHShjkCb+IFBLq9buZwE1xckQU4peSuQ==",
        "dependencies": {
          "ansi-styles": "ansi-styles@3.2.1",
          "escape-string-regexp": "escape-string-regexp@1.0.5",
          "supports-color": "supports-color@5.5.0"
        }
      },
      "change-case@4.1.2": {
        "integrity": "sha512-bSxY2ws9OtviILG1EiY5K7NNxkqg/JnRnFxLtKQ96JaviiIxi7djMrSd0ECT9AC+lttClmYwKw53BWpOMblo7A==",
        "dependencies": {
          "camel-case": "camel-case@4.1.2",
          "capital-case": "capital-case@1.0.4",
          "constant-case": "constant-case@3.0.4",
          "dot-case": "dot-case@3.0.4",
          "header-case": "header-case@2.0.4",
          "no-case": "no-case@3.0.4",
          "param-case": "param-case@3.0.4",
          "pascal-case": "pascal-case@3.1.2",
          "path-case": "path-case@3.0.4",
          "sentence-case": "sentence-case@3.0.4",
          "snake-case": "snake-case@3.0.4",
          "tslib": "tslib@2.4.1"
        }
      },
      "char-regex@2.0.1": {
        "integrity": "sha512-oSvEeo6ZUD7NepqAat3RqoucZ5SeqLJgOvVIwkafu6IP3V0pO38s/ypdVUmDDK6qIIHNlYHJAKX9E7R7HoKElw==",
        "dependencies": {}
      },
      "color-convert@1.9.3": {
        "integrity": "sha512-QfAUtd+vFdAtFQcC8CCyYt1fYWxSqAiK2cSD6zDB8N3cpsEBAvRxp9zOGg6G/SHHJYAT88/az/IuDGALsNVbGg==",
        "dependencies": { "color-name": "color-name@1.1.3" }
      },
      "color-name@1.1.3": {
        "integrity": "sha512-72fSenhMw2HZMTVHeCA9KCmpEIbzWiQsjN+BHcBbS9vr1mtt+vJjPdksIBNUmKAW8TFUDPJK5SUU3QhE9NEXDw==",
        "dependencies": {}
      },
      "command-line-args@5.2.1": {
        "integrity": "sha512-H4UfQhZyakIjC74I9d34fGYDwk3XpSr17QhEd0Q3I9Xq1CETHo4Hcuo87WyWHpAF1aSLjLRf5lD9ZGX2qStUvg==",
        "dependencies": {
          "array-back": "array-back@3.1.0",
          "find-replace": "find-replace@3.0.0",
          "lodash.camelcase": "lodash.camelcase@4.3.0",
          "typical": "typical@4.0.0"
        }
      },
      "command-line-usage@6.1.3": {
        "integrity": "sha512-sH5ZSPr+7UStsloltmDh7Ce5fb8XPlHyoPzTpyyMuYCtervL65+ubVZ6Q61cFtFl62UyJlc8/JwERRbAFPUqgw==",
        "dependencies": {
          "array-back": "array-back@4.0.2",
          "chalk": "chalk@2.4.2",
          "table-layout": "table-layout@1.0.2",
          "typical": "typical@5.2.0"
        }
      },
      "commander@2.20.3": {
        "integrity": "sha512-GpVkmM8vF2vQUkj2LvZmD35JxeJOLCwJ9cUkugyk2nuhbv3+mJvpLYYt+0+USMxE+oj+ey/lJEnhZw75x/OMcQ==",
        "dependencies": {}
      },
      "commonmark@0.30.0": {
        "integrity": "sha512-j1yoUo4gxPND1JWV9xj5ELih0yMv1iCWDG6eEQIPLSWLxzCXiFoyS7kvB+WwU+tZMf4snwJMMtaubV0laFpiBA==",
        "dependencies": {
          "entities": "entities@2.0.3",
          "mdurl": "mdurl@1.0.1",
          "minimist": "minimist@1.2.7",
          "string.prototype.repeat": "string.prototype.repeat@0.2.0"
        }
      },
      "composite-class@2.0.1": {
        "integrity": "sha512-zEUaKe0wIkAMonjQPZPm4w7aylosaMjqGpHynYT2V05q02I93CWfBxp3kV2iB7anvc/aDvCJN36FzFco3c788A==",
        "dependencies": {}
      },
      "concat-map@0.0.1": {
        "integrity": "sha512-/Srv4dswyQNBfohGpz9o6Yb3Gz3SrUDqBH5rTuhGR7ahtlbYKnVxw2bCFMRljaA7EXHaXZ8wsHdodFvbkhKmqg==",
        "dependencies": {}
      },
      "constant-case@3.0.4": {
        "integrity": "sha512-I2hSBi7Vvs7BEuJDr5dDHfzb/Ruj3FyvFyh7KLilAjNQw3Be+xgqUBA2W6scVEcL0hL1dwPRtIqEPVUCKkSsyQ==",
        "dependencies": {
          "no-case": "no-case@3.0.4",
          "tslib": "tslib@2.4.1",
          "upper-case": "upper-case@2.0.2"
        }
      },
      "create-mixin@3.0.0": {
        "integrity": "sha512-LkdMqnWT9LaqBN4huqpUnMz56Yr1mVSoCduAd2xXefgH/YZP2sXCMAyztXjk4q8hTF/TlcDa+zQW2aTgGdjjKQ==",
        "dependencies": {}
      },
      "current-module-paths@1.1.0": {
        "integrity": "sha512-HGhLUszcgprjKmzvQoCQda8iEWsQn3sWVzPdttyJVR5cjfVDYcoyozQA5D1YXgab9v84SPMpSuD+YrPX6i1IMQ==",
        "dependencies": {}
      },
      "deep-diff@1.0.2": {
        "integrity": "sha512-aWS3UIVH+NPGCD1kki+DCU9Dua032iSsO43LqQpcs4R3+dVv7tX0qBGjiVHJHjplsoUM2XRO/KB92glqc68awg==",
        "dependencies": {}
      },
      "deep-extend@0.6.0": {
        "integrity": "sha512-LOHxIOaPYdHlJRtCQfDIVZtfw/ufM8+rVj649RIHzcm/vGwQRXFt6OPqIFWsm2XEMrNIEtWR64sY1LEKD2vAOA==",
        "dependencies": {}
      },
      "discontinuous-range@1.0.0": {
        "integrity": "sha512-c68LpLbO+7kP/b1Hr1qs8/BJ09F5khZGTxqxZuhzxpmwJKOgRFHJWIb9/KmqnqHhLdO55aOxFH/EGBvUQbL/RQ==",
        "dependencies": {}
      },
      "dot-case@3.0.4": {
        "integrity": "sha512-Kv5nKlh6yRrdrGvxeJ2e5y2eRUpkUosIW4A2AS38zwSz27zu7ufDwQPi5Jhs3XAlGNetl3bmnGhQsMtkKJnj3w==",
        "dependencies": { "no-case": "no-case@3.0.4", "tslib": "tslib@2.4.1" }
      },
      "entities@2.0.3": {
        "integrity": "sha512-MyoZ0jgnLvB2X3Lg5HqpFmn1kybDiIfEQmKzTb5apr51Rb+T3KdmMiqa70T+bhGnyv7bQ6WMj2QMHpGMmlrUYQ==",
        "dependencies": {}
      },
      "escape-string-regexp@1.0.5": {
        "integrity": "sha512-vbRorB5FUQWvla16U8R/qgaFIya2qGzwDrNmCZuYKrbdSUMG6I1ZCGQRefkRVhuOkIGVne7BQ35DSfo1qvJqFg==",
        "dependencies": {}
      },
      "extend@3.0.2": {
        "integrity": "sha512-fjquC59cD7CyW6urNXK0FBufkZcoiGG80wTuPujX590cB5Ttln20E2UB4S/WARVqhXffZl2LNgS+gQdPIIim/g==",
        "dependencies": {}
      },
      "fast-deep-equal@3.1.3": {
        "integrity": "sha512-f3qQ9oQy9j2AhBe/H9VC91wLmKBCCU/gDOnKNAYG5hswO7BLKj09Hc5HYNz9cGI++xlpDCIgDaitVs03ATR84Q==",
        "dependencies": {}
      },
      "fast-glob@3.2.12": {
        "integrity": "sha512-DVj4CQIYYow0BlaelwK1pHl5n5cRSJfM60UA0zK891sVInoPri2Ekj7+e1CT3/3qxXenpI+nBBmQAcJPJgaj4w==",
        "dependencies": {
          "@nodelib/fs.stat": "@nodelib/fs.stat@2.0.5",
          "@nodelib/fs.walk": "@nodelib/fs.walk@1.2.8",
          "glob-parent": "glob-parent@5.1.2",
          "merge2": "merge2@1.4.1",
          "micromatch": "micromatch@4.0.5"
        }
      },
      "fastq@1.13.0": {
        "integrity": "sha512-YpkpUnK8od0o1hmeSc7UUs/eB/vIPWJYjKck2QKIzAf71Vm1AAQ3EbuZB3g2JIy+pg+ERD0vqI79KyZiB2e2Nw==",
        "dependencies": { "reusify": "reusify@1.0.4" }
      },
      "file-set@5.1.3": {
        "integrity": "sha512-mQ6dqz+z59on3B50IGF3ujNGbZmY1TAeLHpNfhLEeNM6Lky31w3RUlbCyqZWQs0DuZJQU4R2qDuVd9ojyzadcg==",
        "dependencies": {
          "array-back": "array-back@6.2.2",
          "glob": "glob@7.2.3"
        }
      },
      "fill-range@7.0.1": {
        "integrity": "sha512-qOo9F+dMUmC2Lcb4BbVvnKJxTPjCm+RRpe4gDuGrzkL7mEVl/djYSu2OdQ2Pa302N4oqkSg9ir6jaLWJ2USVpQ==",
        "dependencies": { "to-regex-range": "to-regex-range@5.0.1" }
      },
      "find-replace@3.0.0": {
        "integrity": "sha512-6Tb2myMioCAgv5kfvP5/PkZZ/ntTpVK39fHY7WkWBgvbeE+VHd/tZuZ4mrC+bxh4cfOZeYKVPaJIZtZXV7GNCQ==",
        "dependencies": { "array-back": "array-back@3.1.0" }
      },
      "fs.realpath@1.0.0": {
        "integrity": "sha512-OO0pH2lK6a0hZnAdau5ItzHPI6pUlvI7jMVnxUQRtw4owF2wk8lOSabtGDCTP4Ggrg2MbGnWO9X8K1t4+fGMDw==",
        "dependencies": {}
      },
      "fsm-base@0.7.0": {
        "integrity": "sha512-qL/cAOixPK0DmwmZzwzSXPJ8fcetM5iuXF47g7OovQHPGE9gfZdPQklXY47gNZUIjDKan5P27GK5Jk0GC+4wDQ==",
        "dependencies": {
          "array-back": "array-back@6.2.2",
          "obso": "obso@0.7.0"
        }
      },
      "glob-parent@5.1.2": {
        "integrity": "sha512-AOIgSQCepiJYwP3ARnGx+5VnTu2HBYdzbGP45eLw1vr3zB3vZLeyed1sC9hnbcOc9/SrMyM5RPQrkGz4aS9Zow==",
        "dependencies": { "is-glob": "is-glob@4.0.3" }
      },
      "glob@7.2.3": {
        "integrity": "sha512-nFR0zLpU2YCaRxwoCJvL6UvCH2JFyFVIvwTLsIf21AuHlMskA1hhTdk+LlYJtOlYt9v6dvszD2BGRqBL+iQK9Q==",
        "dependencies": {
          "fs.realpath": "fs.realpath@1.0.0",
          "inflight": "inflight@1.0.6",
          "inherits": "inherits@2.0.4",
          "minimatch": "minimatch@3.1.2",
          "once": "once@1.4.0",
          "path-is-absolute": "path-is-absolute@1.0.1"
        }
      },
      "has-flag@3.0.0": {
        "integrity": "sha512-sKJf1+ceQBr4SMkvQnBDNDtf4TXpVhVGateu0t918bl30FnbE2m4vNLX+VWe/dpjlb+HugGYzW7uQXH98HPEYw==",
        "dependencies": {}
      },
      "header-case@2.0.4": {
        "integrity": "sha512-H/vuk5TEEVZwrR0lp2zed9OCo1uAILMlx0JEMgC26rzyJJ3N1v6XkwHHXJQdR2doSjcGPM6OKPYoJgf0plJ11Q==",
        "dependencies": {
          "capital-case": "capital-case@1.0.4",
          "tslib": "tslib@2.4.1"
        }
      },
      "immutable@4.1.0": {
        "integrity": "sha512-oNkuqVTA8jqG1Q6c+UglTOD1xhC1BtjKI7XkCXRkZHrN5m18/XsnUp8Q89GkQO/z+0WjonSvl0FLhDYftp46nQ==",
        "dependencies": {}
      },
      "inflight@1.0.6": {
        "integrity": "sha512-k92I/b08q4wvFscXCLvqfsHCrjrF7yiXsQuIVvVE7N82W3+aqpzuUdBbfhWcy/FZR3/4IgflMgKLOsvPDrGCJA==",
        "dependencies": { "once": "once@1.4.0", "wrappy": "wrappy@1.0.2" }
      },
      "inherits@2.0.4": {
        "integrity": "sha512-k/vGaX4/Yla3WzyMCvTQOXYeIHvqOKtnqBduzTHpzpQZzAskKMhZ2K+EnBiSM9zGSoIFeMpXKxa4dYeZIQqewQ==",
        "dependencies": {}
      },
      "is-extglob@2.1.1": {
        "integrity": "sha512-SbKbANkN603Vi4jEZv49LeVJMn4yGwsbzZworEoyEiutsN3nJYdbO36zfhGJ6QEDpOZIFkDtnq5JRxmvl3jsoQ==",
        "dependencies": {}
      },
      "is-glob@4.0.3": {
        "integrity": "sha512-xelSayHH36ZgE7ZWhli7pW34hNbNl8Ojv5KVmkJD4hBdD3th8Tfk9vYasLM+mXWOZhFkgZfxhLSnrwRr4elSSg==",
        "dependencies": { "is-extglob": "is-extglob@2.1.1" }
      },
      "is-number@7.0.0": {
        "integrity": "sha512-41Cifkg6e8TylSpdtTpeLVMqvSBEVzTttHvERD741+pnZ8ANv0004MRL43QKPDlK9cGvNp6NZWZUBlbGXYxxng==",
        "dependencies": {}
      },
      "json-schema-traverse@1.0.0": {
        "integrity": "sha512-NM8/P9n3XjXhIZn1lLhkFaACTOURQXjWhV4BA/RnOv8xvgqtqpAX9IO4mRQxSx1Rlo4tqzeqb0sOlruaOy3dug==",
        "dependencies": {}
      },
      "load-module@4.2.1": {
        "integrity": "sha512-Sbfg6R4LjvyThJpqUoADHMjyoI2+cL4msbCQeZ9kkY/CqP/TT2938eftKm7x4I2gd4/A+DEe6nePkbfWYbXwSw==",
        "dependencies": { "array-back": "array-back@6.2.2" }
      },
      "lodash.camelcase@4.3.0": {
        "integrity": "sha512-TwuEnCnxbc3rAvhf/LbG7tJUDzhqXyFnv3dtzLOPgCG/hODL7WFnsbwktkD7yUV0RrreP/l1PALq/YSg6VvjlA==",
        "dependencies": {}
      },
      "lower-case@2.0.2": {
        "integrity": "sha512-7fm3l3NAF9WfN6W3JOmf5drwpVqX78JtoGJ3A6W0a6ZnldM41w2fV5D490psKFTpMds8TJse/eHLFFsNHHjHgg==",
        "dependencies": { "tslib": "tslib@2.4.1" }
      },
      "lru-cache@6.0.0": {
        "integrity": "sha512-Jo6dJ04CmSjuznwJSS3pUeWmd/H0ffTlkXXgwZi+eq1UCmqQwCh+eLsYOYCwY991i2Fah4h1BEMCx4qThGbsiA==",
        "dependencies": { "yallist": "yallist@4.0.0" }
      },
      "mdurl@1.0.1": {
        "integrity": "sha512-/sKlQJCBYVY9Ers9hqzKou4H6V5UWc/M59TH2dvkt+84itfnq7uFOMLpOiOS4ujvHP4etln18fmIxA5R5fll0g==",
        "dependencies": {}
      },
      "merge2@1.4.1": {
        "integrity": "sha512-8q7VEgMJW4J8tcfVPy8g09NcQwZdbwFEqhe/WZkoIzjn/3TGDwtOCYtXGxA3O8tPzpczCCDgv+P2P5y00ZJOOg==",
        "dependencies": {}
      },
      "micromatch@4.0.5": {
        "integrity": "sha512-DMy+ERcEW2q8Z2Po+WNXuw3c5YaUSFjAO5GsJqfEl7UjvtIuFKO6ZrKvcItdy98dwFI2N1tg3zNIdKaQT+aNdA==",
        "dependencies": {
          "braces": "braces@3.0.2",
          "picomatch": "picomatch@2.3.1"
        }
      },
      "minimatch@3.1.2": {
        "integrity": "sha512-J7p63hRiAjw1NDEww1W7i37+ByIrOWO5XQQAzZ3VOcL0PNybwpfmV/N05zFAzwQ9USyEcX6t3UO+K5aqBQOIHw==",
        "dependencies": { "brace-expansion": "brace-expansion@1.1.11" }
      },
      "minimist@1.2.7": {
        "integrity": "sha512-bzfL1YUZsP41gmu/qjrEk0Q6i2ix/cVeAhbCbqH9u3zYutS1cLg00qhrD0M2MVdCcx4Sc0UpP2eBWo9rotpq6g==",
        "dependencies": {}
      },
      "moo@0.5.2": {
        "integrity": "sha512-iSAJLHYKnX41mKcJKjqvnAN9sf0LMDTXDEvFv+ffuRR9a1MIuXLjMNL6EsnDHSkKLTWNqQQ5uo61P4EbU4NU+Q==",
        "dependencies": {}
      },
      "nanoid@3.3.4": {
        "integrity": "sha512-MqBkQh/OHTS2egovRtLk45wEyNXwF+cokD+1YPf9u5VfJiRdAiRwB2froX5Co9Rh20xs4siNPm8naNotSD6RBw==",
        "dependencies": {}
      },
      "nearley@2.20.1": {
        "integrity": "sha512-+Mc8UaAebFzgV+KpI5n7DasuuQCHA89dmwm7JXw3TV43ukfNQ9DnBH3Mdb2g/I4Fdxc26pwimBWvjIw0UAILSQ==",
        "dependencies": {
          "commander": "commander@2.20.3",
          "moo": "moo@0.5.2",
          "railroad-diagrams": "railroad-diagrams@1.0.0",
          "randexp": "randexp@0.4.6"
        }
      },
      "no-case@3.0.4": {
        "integrity": "sha512-fgAN3jGAh+RoxUGZHTSOLJIqUc2wmoBwGR4tbpNAKmmovFoWq0OdRkb0VkldReO2a2iBT/OEulG9XSUc10r3zg==",
        "dependencies": {
          "lower-case": "lower-case@2.0.2",
          "tslib": "tslib@2.4.1"
        }
      },
      "node-watch@0.7.3": {
        "integrity": "sha512-3l4E8uMPY1HdMMryPRUAl+oIHtXtyiTlIiESNSVSNxcPfzAFzeTbXFQkZfAwBbo0B1qMSG8nUABx+Gd+YrbKrQ==",
        "dependencies": {}
      },
      "obso@0.7.0": {
        "integrity": "sha512-iNEHV1r9hFfemR0jFUIxFxqkR9rcvY10C7U/LtKM2w5wS3nSLZEqRnfGY/P8cYzCXHTzTefxMYfnIJkssDhmAg==",
        "dependencies": {}
      },
      "once@1.4.0": {
        "integrity": "sha512-lNaJgI+2Q5URQBkccEKHTQOPaXdUxnZZElQTZY0MFUAuaEqe1E+Nyvgdz/aIyNi6Z9MzO5dv1H8n58/GELp3+w==",
        "dependencies": { "wrappy": "wrappy@1.0.2" }
      },
      "param-case@3.0.4": {
        "integrity": "sha512-RXlj7zCYokReqWpOPH9oYivUzLYZ5vAPIfEmCTNViosC78F8F0H9y7T7gG2M39ymgutxF5gcFEsyZQSph9Bp3A==",
        "dependencies": { "dot-case": "dot-case@3.0.4", "tslib": "tslib@2.4.1" }
      },
      "pascal-case@3.1.2": {
        "integrity": "sha512-uWlGT3YSnK9x3BQJaOdcZwrnV6hPpd8jFH1/ucpiLRPh/2zCVJKS19E4GvYHvaCcACn3foXZ0cLB9Wrx1KGe5g==",
        "dependencies": { "no-case": "no-case@3.0.4", "tslib": "tslib@2.4.1" }
      },
      "path-case@3.0.4": {
        "integrity": "sha512-qO4qCFjXqVTrcbPt/hQfhTQ+VhFsqNKOPtytgNKkKxSoEp3XPUQ8ObFuePylOIok5gjn69ry8XiULxCwot3Wfg==",
        "dependencies": { "dot-case": "dot-case@3.0.4", "tslib": "tslib@2.4.1" }
      },
      "path-is-absolute@1.0.1": {
        "integrity": "sha512-AVbw3UJ2e9bq64vSaS9Am0fje1Pa8pbGqTTsmXfaIiMpnr5DlDhfJOuLj9Sf95ZPVDAUerDfEk88MPmPe7UCQg==",
        "dependencies": {}
      },
      "picocolors@1.0.0": {
        "integrity": "sha512-1fygroTLlHu66zi26VoTDv8yRgm0Fccecssto+MhsZ0D/DGW2sm8E8AjW7NU5VVTRt5GxbeZ5qBuJr+HyLYkjQ==",
        "dependencies": {}
      },
      "picomatch@2.3.1": {
        "integrity": "sha512-JU3teHTNjmE2VCGFzuY8EXzCDVwEqB2a8fsIvwaStHhAWJEeVd1o1QD80CU6+ZdEXXSLbSsuLwJjkCBWqRQUVA==",
        "dependencies": {}
      },
      "prettier-plugin-organize-imports@3.2.1": {
        "integrity": "sha512-bty7C2Ecard5EOXirtzeCAqj4FU4epeuWrQt/Z+sh8UVEpBlBZ3m3KNPz2kFu7KgRTQx/C9o4/TdquPD1jOqjQ==",
        "dependencies": {
          "prettier": "prettier@2.8.0",
          "typescript": "typescript@4.9.3"
        }
      },
      "prettier@2.8.0": {
        "integrity": "sha512-9Lmg8hTFZKG0Asr/kW9Bp8tJjRVluO8EJQVfY2T7FMw9T5jy4I/Uvx0Rca/XWf50QQ1/SS48+6IJWnrb+2yemA==",
        "dependencies": {}
      },
      "punycode@2.1.1": {
        "integrity": "sha512-XRsRjdf+j5ml+y/6GKHPZbrF/8p2Yga0JPtdqTIY2Xe5ohJPD9saDJJLPvp9+NSBprVvevdXZybnj2cv8OEd0A==",
        "dependencies": {}
      },
      "queue-microtask@1.2.3": {
        "integrity": "sha512-NuaNSa6flKT5JaSYQzJok04JzTL1CA6aGhv5rfLW3PgqA+M2ChpZQnAC8h8i4ZFkBS8X5RqkDBHA7r4hej3K9A==",
        "dependencies": {}
      },
      "race-timeout-anywhere@2.0.0": {
        "integrity": "sha512-kFE+ZL9Esq2JVcHp+ygSI8bTSAfJuXi8nQCDVAD2zLYJ/TMzObyLLbVaXA99JFVtsibIF7A1IqJRfiC4H+muxQ==",
        "dependencies": {}
      },
      "railroad-diagrams@1.0.0": {
        "integrity": "sha512-cz93DjNeLY0idrCNOH6PviZGRN9GJhsdm9hpn1YCS879fj4W+x5IFJhhkRZcwVgMmFF7R82UA/7Oh+R8lLZg6A==",
        "dependencies": {}
      },
      "randexp@0.4.6": {
        "integrity": "sha512-80WNmd9DA0tmZrw9qQa62GPPWfuXJknrmVmLcxvq4uZBdYqb1wYoKTmnlGUchvVWe0XiLupYkBoXVOxz3C8DYQ==",
        "dependencies": {
          "discontinuous-range": "discontinuous-range@1.0.0",
          "ret": "ret@0.1.15"
        }
      },
      "readdirp@3.6.0": {
        "integrity": "sha512-hOS089on8RduqdbhvQ5Z37A0ESjsqz6qnRcffsMU3495FuTdqSm+7bhJ29JvIOsBDEEnan5DPu9t3To9VRlMzA==",
        "dependencies": { "picomatch": "picomatch@2.3.1" }
      },
      "readline-sync@1.4.10": {
        "integrity": "sha512-gNva8/6UAe8QYepIQH/jQ2qn91Qj0B9sYjMBBs3QOB8F2CXcKgLxQaJRP76sWVRQt+QU+8fAkCbCvjjMFu7Ycw==",
        "dependencies": {}
      },
      "reduce-flatten@2.0.0": {
        "integrity": "sha512-EJ4UNY/U1t2P/2k6oqotuX2Cc3T6nxJwsM0N0asT7dhrtH1ltUxDn4NalSYmPE2rCkVpcf/X6R0wDwcFpzhd4w==",
        "dependencies": {}
      },
      "regexp-match-indices@1.0.2": {
        "integrity": "sha512-DwZuAkt8NF5mKwGGER1EGh2PRqyvhRhhLviH+R8y8dIuaQROlUfXjt4s9ZTXstIsSkptf06BSvwcEmmfheJJWQ==",
        "dependencies": { "regexp-tree": "regexp-tree@0.1.24" }
      },
      "regexp-tree@0.1.24": {
        "integrity": "sha512-s2aEVuLhvnVJW6s/iPgEGK6R+/xngd2jNQ+xy4bXNDKxZKJH6jpPHY6kVeVv1IeLCHgswRj+Kl3ELaDjG6V1iw==",
        "dependencies": {}
      },
      "require-from-string@2.0.2": {
        "integrity": "sha512-Xf0nWe6RseziFMu+Ap9biiUbmplq6S9/p+7w7YXP/JBHhrUDDUhwa+vANyubuqfZWTveU//DYVGsDG7RKL/vEw==",
        "dependencies": {}
      },
      "ret@0.1.15": {
        "integrity": "sha512-TTlYpa+OL+vMMNG24xSlQGEJ3B/RzEfUlLct7b5G/ytav+wPrplCpVMFuwzXbkecJrb6IYo1iFb0S9v37754mg==",
        "dependencies": {}
      },
      "reusify@1.0.4": {
        "integrity": "sha512-U9nH88a3fc/ekCF1l0/UP1IosiuIjyTh7hBvXVMHYgVcfGvt897Xguj2UOLDeI5BG2m7/uwyaLVT6fbtCwTyzw==",
        "dependencies": {}
      },
      "run-parallel@1.2.0": {
        "integrity": "sha512-5l4VyZR86LZ/lDxZTR6jqL8AFE2S0IFLMP26AbjsLVADxHdhB/c0GUsH+y39UfCi3dzz8OlQuPmnaJOMoDHQBA==",
        "dependencies": { "queue-microtask": "queue-microtask@1.2.3" }
      },
      "schemes@1.4.0": {
        "integrity": "sha512-ImFy9FbCsQlVgnE3TCWmLPCFnVzx0lHL/l+umHplDqAKd0dzFpnS6lFZIpagBlYhKwzVmlV36ec0Y1XTu8JBAQ==",
        "dependencies": { "extend": "extend@3.0.2" }
      },
      "semver@7.3.8": {
        "integrity": "sha512-NB1ctGL5rlHrPJtFDVIVzTyQylMLu9N9VICA6HSFJo8MCGVTMW6gfpicwKmmK/dAjTOrqu5l63JJOpDSrAis3A==",
        "dependencies": { "lru-cache": "lru-cache@6.0.0" }
      },
      "sentence-case@3.0.4": {
        "integrity": "sha512-8LS0JInaQMCRoQ7YUytAo/xUu5W2XnQxV2HI/6uM6U7CITS1RqPElr30V6uIqyMKM9lJGRVFy5/4CuzcixNYSg==",
        "dependencies": {
          "no-case": "no-case@3.0.4",
          "tslib": "tslib@2.4.1",
          "upper-case-first": "upper-case-first@2.0.2"
        }
      },
      "smtp-address-parser@1.0.10": {
        "integrity": "sha512-Osg9LmvGeAG/hyao4mldbflLOkkr3a+h4m1lwKCK5U8M6ZAr7tdXEz/+/vr752TSGE4MNUlUl9cIK2cB8cgzXg==",
        "dependencies": { "nearley": "nearley@2.20.1" }
      },
      "snake-case@3.0.4": {
        "integrity": "sha512-LAOh4z89bGQvl9pFfNF8V146i7o7/CqFPbqzYgP+yYzDIDeS9HaNFtXABamRW+AQzEVODcvE79ljJ+8a9YSdMg==",
        "dependencies": { "dot-case": "dot-case@3.0.4", "tslib": "tslib@2.4.1" }
      },
      "string-length@5.0.1": {
        "integrity": "sha512-9Ep08KAMUn0OadnVaBuRdE2l615CQ508kr0XMadjClfYpdCyvrbFp6Taebo8yyxokQ4viUd/xPPUA4FGgUa0ow==",
        "dependencies": {
          "char-regex": "char-regex@2.0.1",
          "strip-ansi": "strip-ansi@7.0.1"
        }
      },
      "string.prototype.repeat@0.2.0": {
        "integrity": "sha512-1BH+X+1hSthZFW+X+JaUkjkkUPwIlLEMJBLANN3hOob3RhEk5snLWNECDnYbgn/m5c5JV7Ersu1Yubaf+05cIA==",
        "dependencies": {}
      },
      "strip-ansi@7.0.1": {
        "integrity": "sha512-cXNxvT8dFNRVfhVME3JAe98mkXDYN2O1l7jmcwMnOslDeESg1rF/OZMtK0nRAhiari1unG5cD4jG3rapUAkLbw==",
        "dependencies": { "ansi-regex": "ansi-regex@6.0.1" }
      },
      "supports-color@5.5.0": {
        "integrity": "sha512-QjVjwdXIt408MIiAqCX4oUKsgU2EqAGzs2Ppkm4aQYbjm+ZEWEcW4SfFNTr4uMNZma0ey4f5lgLrkB0aX0QMow==",
        "dependencies": { "has-flag": "has-flag@3.0.0" }
      },
      "table-layout@1.0.2": {
        "integrity": "sha512-qd/R7n5rQTRFi+Zf2sk5XVVd9UQl6ZkduPFC3S7WEGJAmetDTjY3qPN50eSKzwuzEyQKy5TN2TiZdkIjos2L6A==",
        "dependencies": {
          "array-back": "array-back@4.0.2",
          "deep-extend": "deep-extend@0.6.0",
          "typical": "typical@5.2.0",
          "wordwrapjs": "wordwrapjs@4.0.1"
        }
      },
      "test-runner@0.10.1": {
        "integrity": "sha512-0eQ7u3a4NFa//+SP6MUZX+s2614XTvRRLCTdNAzjMS/zub4ImIMSys7oS+rkBZ9tU+mgyAUJdkrg90MwSPm9qg==",
        "dependencies": {
          "@test-runner/core": "@test-runner/core@0.10.0",
          "@test-runner/default-view": "@test-runner/default-view@0.6.1",
          "@test-runner/live-view": "@test-runner/live-view@0.2.1",
          "@test-runner/oneline-view": "@test-runner/oneline-view@0.2.0",
          "@test-runner/tom": "@test-runner/tom@0.9.1",
          "command-line-args": "command-line-args@5.2.1",
          "command-line-usage": "command-line-usage@6.1.3",
          "current-module-paths": "current-module-paths@1.1.0",
          "file-set": "file-set@5.1.3",
          "load-module": "load-module@4.2.1",
          "walk-back": "walk-back@5.1.0"
        }
      },
      "to-regex-range@5.0.1": {
        "integrity": "sha512-65P7iz6X5yEr1cwcgvQxbbIw7Uk3gOy5dIdtZ4rDveLqhrdJP+Li/Hx6tyK0NEb+2GCyneCMJiGqrADCSNk8sQ==",
        "dependencies": { "is-number": "is-number@7.0.0" }
      },
      "tslib@2.4.1": {
        "integrity": "sha512-tGyy4dAjRIEwI7BzsB0lynWgOpfqjUdq91XXAlIWD2OwKBH7oCl/GZG/HT4BOHrTlPMOASlMQ7veyTqpmRcrNA==",
        "dependencies": {}
      },
      "typescript@4.9.3": {
        "integrity": "sha512-CIfGzTelbKNEnLpLdGFgdyKhG23CKdKgQPOBc+OUNrkJ2vr+KSzsSV5kq5iWhEQbok+quxgGzrAtGWCyU7tHnA==",
        "dependencies": {}
      },
      "typical@4.0.0": {
        "integrity": "sha512-VAH4IvQ7BDFYglMd7BPRDfLgxZZX4O4TFcRDA6EN5X7erNJJq+McIEp8np9aVtxrCJ6qx4GTYVfOWNjcqwZgRw==",
        "dependencies": {}
      },
      "typical@5.2.0": {
        "integrity": "sha512-dvdQgNDNJo+8B2uBQoqdb11eUCE1JQXhvjC/CZtgvZseVd5TYMXnq0+vuUemXbd/Se29cTaUuPX3YIc2xgbvIg==",
        "dependencies": {}
      },
      "typical@7.1.1": {
        "integrity": "sha512-T+tKVNs6Wu7IWiAce5BgMd7OZfNYUndHwc5MknN+UHOudi7sGZzuHdCadllRuqJ3fPtgFtIH9+lt9qRv6lmpfA==",
        "dependencies": {}
      },
      "upper-case-first@2.0.2": {
        "integrity": "sha512-514ppYHBaKwfJRK/pNC6c/OxfGa0obSnAl106u97Ed0I625Nin96KAjttZF6ZL3e1XLtphxnqrOi9iWgm+u+bg==",
        "dependencies": { "tslib": "tslib@2.4.1" }
      },
      "upper-case@2.0.2": {
        "integrity": "sha512-KgdgDGJt2TpuwBUIjgG6lzw2GWFRCW9Qkfkiv0DxqHHLYJHmtmdUIKcZd8rHgFSjopVTlw6ggzCm1b8MFQwikg==",
        "dependencies": { "tslib": "tslib@2.4.1" }
      },
      "uri-js@4.4.1": {
        "integrity": "sha512-7rKUyy33Q1yc98pQ1DAmLtwX109F7TIfWlW1Ydo8Wl1ii1SeHieeh0HHfPeL2fMXK6z0s8ecKs9frCuLJvndBg==",
        "dependencies": { "punycode": "punycode@2.1.1" }
      },
      "walk-back@5.1.0": {
        "integrity": "sha512-Uhxps5yZcVNbLEAnb+xaEEMdgTXl9qAQDzKYejG2AZ7qPwRQ81lozY9ECDbjLPNWm7YsO1IK5rsP1KoQzXAcGA==",
        "dependencies": {}
      },
      "wordwrapjs@4.0.1": {
        "integrity": "sha512-kKlNACbvHrkpIw6oPeYDSmdCTu2hdMHoyXLTcUKala++lx5Y+wjJ/e474Jqv5abnVmwxw08DiTuHmw69lJGksA==",
        "dependencies": {
          "reduce-flatten": "reduce-flatten@2.0.0",
          "typical": "typical@5.2.0"
        }
      },
      "wrappy@1.0.2": {
        "integrity": "sha512-l4Sp/DRseor9wL6EvV2+TuQn63dMkPjZ/sp9XkghTEbV9KlPS1xUsZ3u7/IQO4wxtcFB4bgpQPRcR3QCvezPcQ==",
        "dependencies": {}
      },
      "yallist@4.0.0": {
        "integrity": "sha512-3wdGidZyq5PB084XLES5TpOSRA3wjXAlIWMhum2kRcv/41Sn2emQ0dycQW4uZXLejwKvg6EsvbdlVL+FYEct7A==",
        "dependencies": {}
      },
      "yaml@2.1.3": {
        "integrity": "sha512-AacA8nRULjKMX2DvWvOAdBZMOfQlypSFkjcOcu9FalllIDJ1kvlREzcdIZmidQUqqeMv7jorHjq2HlLv/+c2lg==",
        "dependencies": {}
      },
      "yargs-parser@21.1.1": {
        "integrity": "sha512-tVpsJW7DdjecAiFpbIB1e3qxIQsE6NoPc5/eTdrbbIC4h0LVsWhnoa3g+m2HclBIujHzsxZ4VJVA+GUuc2/LBw==",
        "dependencies": {}
      }
    }
  }
}
